// !$*UTF8*$!
{
	archiveVersion = 1;
	classes = {
	};
	objectVersion = 56;
	objects = {

/* Begin PBXBuildFile section */
		EE232E5C2D312FF4007C72CA /* RickAndMortyApp.swift in Sources */ = {isa = PBXBuildFile; fileRef = EE232E5B2D312FF4007C72CA /* RickAndMortyApp.swift */; };
		EE232E5E2D312FF4007C72CA /* MainView.swift in Sources */ = {isa = PBXBuildFile; fileRef = EE232E5D2D312FF4007C72CA /* MainView.swift */; };
		EE232E602D312FF6007C72CA /* Assets.xcassets in Resources */ = {isa = PBXBuildFile; fileRef = EE232E5F2D312FF6007C72CA /* Assets.xcassets */; };
		EE232E632D312FF6007C72CA /* Preview Assets.xcassets in Resources */ = {isa = PBXBuildFile; fileRef = EE232E622D312FF6007C72CA /* Preview Assets.xcassets */; };
		EE232E712D3141D5007C72CA /* Model.swift in Sources */ = {isa = PBXBuildFile; fileRef = EE232E702D3141D5007C72CA /* Model.swift */; };
		EE232E732D3141E2007C72CA /* NetworkManager.swift in Sources */ = {isa = PBXBuildFile; fileRef = EE232E722D3141E2007C72CA /* NetworkManager.swift */; };
		EE232E752D315238007C72CA /* ImageLoad.swift in Sources */ = {isa = PBXBuildFile; fileRef = EE232E742D315238007C72CA /* ImageLoad.swift */; };
		EE232E782D33BA62007C72CA /* NetworkError.swift in Sources */ = {isa = PBXBuildFile; fileRef = EE232E772D33BA62007C72CA /* NetworkError.swift */; };
		EE232E7A2D33E6B2007C72CA /* MainViewModel.swift in Sources */ = {isa = PBXBuildFile; fileRef = EE232E792D33E6B1007C72CA /* MainViewModel.swift */; };
		EE232E7C2D33F048007C72CA /* TextLoad.swift in Sources */ = {isa = PBXBuildFile; fileRef = EE232E7B2D33F048007C72CA /* TextLoad.swift */; };
/* End PBXBuildFile section */

/* Begin PBXFileReference section */
		EE232E582D312FF4007C72CA /* RickAndMorty.app */ = {isa = PBXFileReference; explicitFileType = wrapper.application; includeInIndex = 0; path = RickAndMorty.app; sourceTree = BUILT_PRODUCTS_DIR; };
		EE232E5B2D312FF4007C72CA /* RickAndMortyApp.swift */ = {isa = PBXFileReference; lastKnownFileType = sourcecode.swift; path = RickAndMortyApp.swift; sourceTree = "<group>"; };
		EE232E5D2D312FF4007C72CA /* MainView.swift */ = {isa = PBXFileReference; lastKnownFileType = sourcecode.swift; path = MainView.swift; sourceTree = "<group>"; };
		EE232E5F2D312FF6007C72CA /* Assets.xcassets */ = {isa = PBXFileReference; lastKnownFileType = folder.assetcatalog; path = Assets.xcassets; sourceTree = "<group>"; };
		EE232E622D312FF6007C72CA /* Preview Assets.xcassets */ = {isa = PBXFileReference; lastKnownFileType = folder.assetcatalog; path = "Preview Assets.xcassets"; sourceTree = "<group>"; };
		EE232E702D3141D5007C72CA /* Model.swift */ = {isa = PBXFileReference; lastKnownFileType = sourcecode.swift; path = Model.swift; sourceTree = "<group>"; };
		EE232E722D3141E2007C72CA /* NetworkManager.swift */ = {isa = PBXFileReference; lastKnownFileType = sourcecode.swift; path = NetworkManager.swift; sourceTree = "<group>"; };
		EE232E742D315238007C72CA /* ImageLoad.swift */ = {isa = PBXFileReference; lastKnownFileType = sourcecode.swift; path = ImageLoad.swift; sourceTree = "<group>"; };
		EE232E772D33BA62007C72CA /* NetworkError.swift */ = {isa = PBXFileReference; lastKnownFileType = sourcecode.swift; path = NetworkError.swift; sourceTree = "<group>"; };
		EE232E792D33E6B1007C72CA /* MainViewModel.swift */ = {isa = PBXFileReference; lastKnownFileType = sourcecode.swift; path = MainViewModel.swift; sourceTree = "<group>"; };
		EE232E7B2D33F048007C72CA /* TextLoad.swift */ = {isa = PBXFileReference; lastKnownFileType = sourcecode.swift; path = TextLoad.swift; sourceTree = "<group>"; };
/* End PBXFileReference section */

/* Begin PBXFrameworksBuildPhase section */
		EE232E552D312FF4007C72CA /* Frameworks */ = {
			isa = PBXFrameworksBuildPhase;
			buildActionMask = 2147483647;
			files = (
			);
			runOnlyForDeploymentPostprocessing = 0;
		};
/* End PBXFrameworksBuildPhase section */

/* Begin PBXGroup section */
		EE232E4F2D312FF4007C72CA = {
			isa = PBXGroup;
			children = (
				EE232E5A2D312FF4007C72CA /* RickAndMorty */,
				EE232E592D312FF4007C72CA /* Products */,
			);
			sourceTree = "<group>";
		};
		EE232E592D312FF4007C72CA /* Products */ = {
			isa = PBXGroup;
			children = (
				EE232E582D312FF4007C72CA /* RickAndMorty.app */,
			);
			name = Products;
			sourceTree = "<group>";
		};
		EE232E5A2D312FF4007C72CA /* RickAndMorty */ = {
			isa = PBXGroup;
			children = (
				EE232E5B2D312FF4007C72CA /* RickAndMortyApp.swift */,
				EE232E6B2D313015007C72CA /* Views */,
				EE232E6A2D31300D007C72CA /* ViewModels */,
				EE232E692D313005007C72CA /* Model */,
				EE232E6F2D3141B7007C72CA /* Network */,
				EE232E762D33BA40007C72CA /* Helpers */,
				EE232E5F2D312FF6007C72CA /* Assets.xcassets */,
				EE232E612D312FF6007C72CA /* Preview Content */,
			);
			path = RickAndMorty;
			sourceTree = "<group>";
		};
		EE232E612D312FF6007C72CA /* Preview Content */ = {
			isa = PBXGroup;
			children = (
				EE232E622D312FF6007C72CA /* Preview Assets.xcassets */,
			);
			path = "Preview Content";
			sourceTree = "<group>";
		};
		EE232E692D313005007C72CA /* Model */ = {
			isa = PBXGroup;
			children = (
				EE232E702D3141D5007C72CA /* Model.swift */,
			);
			path = Model;
			sourceTree = "<group>";
		};
		EE232E6A2D31300D007C72CA /* ViewModels */ = {
			isa = PBXGroup;
			children = (
				EE232E792D33E6B1007C72CA /* MainViewModel.swift */,
			);
			path = ViewModels;
			sourceTree = "<group>";
		};
		EE232E6B2D313015007C72CA /* Views */ = {
			isa = PBXGroup;
			children = (
				EE232E6C2D313027007C72CA /* MainScreen */,
			);
			path = Views;
			sourceTree = "<group>";
		};
		EE232E6C2D313027007C72CA /* MainScreen */ = {
			isa = PBXGroup;
			children = (
				EE232E6E2D31303F007C72CA /* View */,
				EE232E6D2D313036007C72CA /* SubView */,
			);
			path = MainScreen;
			sourceTree = "<group>";
		};
		EE232E6D2D313036007C72CA /* SubView */ = {
			isa = PBXGroup;
			children = (
				EE232E742D315238007C72CA /* ImageLoad.swift */,
				EE232E7B2D33F048007C72CA /* TextLoad.swift */,
			);
			path = SubView;
			sourceTree = "<group>";
		};
		EE232E6E2D31303F007C72CA /* View */ = {
			isa = PBXGroup;
			children = (
				EE232E5D2D312FF4007C72CA /* MainView.swift */,
			);
			path = View;
			sourceTree = "<group>";
		};
		EE232E6F2D3141B7007C72CA /* Network */ = {
			isa = PBXGroup;
			children = (
				EE232E722D3141E2007C72CA /* NetworkManager.swift */,
			);
			path = Network;
			sourceTree = "<group>";
		};
		EE232E762D33BA40007C72CA /* Helpers */ = {
			isa = PBXGroup;
			children = (
				EE232E772D33BA62007C72CA /* NetworkError.swift */,
			);
			path = Helpers;
			sourceTree = "<group>";
		};
/* End PBXGroup section */

/* Begin PBXNativeTarget section */
		EE232E572D312FF4007C72CA /* RickAndMorty */ = {
			isa = PBXNativeTarget;
			buildConfigurationList = EE232E662D312FF6007C72CA /* Build configuration list for PBXNativeTarget "RickAndMorty" */;
			buildPhases = (
				EE232E542D312FF4007C72CA /* Sources */,
				EE232E552D312FF4007C72CA /* Frameworks */,
				EE232E562D312FF4007C72CA /* Resources */,
			);
			buildRules = (
			);
			dependencies = (
			);
			name = RickAndMorty;
			productName = RickAndMorty;
			productReference = EE232E582D312FF4007C72CA /* RickAndMorty.app */;
			productType = "com.apple.product-type.application";
		};
/* End PBXNativeTarget section */

/* Begin PBXProject section */
		EE232E502D312FF4007C72CA /* Project object */ = {
			isa = PBXProject;
			attributes = {
				BuildIndependentTargetsInParallel = 1;
				LastSwiftUpdateCheck = 1540;
				LastUpgradeCheck = 1540;
				TargetAttributes = {
					EE232E572D312FF4007C72CA = {
						CreatedOnToolsVersion = 15.4;
					};
				};
			};
			buildConfigurationList = EE232E532D312FF4007C72CA /* Build configuration list for PBXProject "RickAndMorty" */;
			compatibilityVersion = "Xcode 14.0";
			developmentRegion = en;
			hasScannedForEncodings = 0;
			knownRegions = (
				en,
				Base,
			);
			mainGroup = EE232E4F2D312FF4007C72CA;
			productRefGroup = EE232E592D312FF4007C72CA /* Products */;
			projectDirPath = "";
			projectRoot = "";
			targets = (
				EE232E572D312FF4007C72CA /* RickAndMorty */,
			);
		};
/* End PBXProject section */

/* Begin PBXResourcesBuildPhase section */
		EE232E562D312FF4007C72CA /* Resources */ = {
			isa = PBXResourcesBuildPhase;
			buildActionMask = 2147483647;
			files = (
				EE232E632D312FF6007C72CA /* Preview Assets.xcassets in Resources */,
				EE232E602D312FF6007C72CA /* Assets.xcassets in Resources */,
			);
			runOnlyForDeploymentPostprocessing = 0;
		};
/* End PBXResourcesBuildPhase section */

/* Begin PBXSourcesBuildPhase section */
		EE232E542D312FF4007C72CA /* Sources */ = {
			isa = PBXSourcesBuildPhase;
			buildActionMask = 2147483647;
			files = (
				EE232E732D3141E2007C72CA /* NetworkManager.swift in Sources */,
				EE232E7A2D33E6B2007C72CA /* MainViewModel.swift in Sources */,
				EE232E712D3141D5007C72CA /* Model.swift in Sources */,
				EE232E5E2D312FF4007C72CA /* MainView.swift in Sources */,
				EE232E782D33BA62007C72CA /* NetworkError.swift in Sources */,
				EE232E5C2D312FF4007C72CA /* RickAndMortyApp.swift in Sources */,
				EE232E752D315238007C72CA /* ImageLoad.swift in Sources */,
				EE232E7C2D33F048007C72CA /* TextLoad.swift in Sources */,
			);
			runOnlyForDeploymentPostprocessing = 0;
		};
/* End PBXSourcesBuildPhase section */

/* Begin XCBuildConfiguration section */
		EE232E642D312FF6007C72CA /* Debug */ = {
			isa = XCBuildConfiguration;
			buildSettings = {
				ALWAYS_SEARCH_USER_PATHS = NO;
				ASSETCATALOG_COMPILER_GENERATE_SWIFT_ASSET_SYMBOL_EXTENSIONS = YES;
				CLANG_ANALYZER_NONNULL = YES;
				CLANG_ANALYZER_NUMBER_OBJECT_CONVERSION = YES_AGGRESSIVE;
				CLANG_CXX_LANGUAGE_STANDARD = "gnu++20";
				CLANG_ENABLE_MODULES = YES;
				CLANG_ENABLE_OBJC_ARC = YES;
				CLANG_ENABLE_OBJC_WEAK = YES;
				CLANG_WARN_BLOCK_CAPTURE_AUTORELEASING = YES;
				CLANG_WARN_BOOL_CONVERSION = YES;
				CLANG_WARN_COMMA = YES;
				CLANG_WARN_CONSTANT_CONVERSION = YES;
				CLANG_WARN_DEPRECATED_OBJC_IMPLEMENTATIONS = YES;
				CLANG_WARN_DIRECT_OBJC_ISA_USAGE = YES_ERROR;
				CLANG_WARN_DOCUMENTATION_COMMENTS = YES;
				CLANG_WARN_EMPTY_BODY = YES;
				CLANG_WARN_ENUM_CONVERSION = YES;
				CLANG_WARN_INFINITE_RECURSION = YES;
				CLANG_WARN_INT_CONVERSION = YES;
				CLANG_WARN_NON_LITERAL_NULL_CONVERSION = YES;
				CLANG_WARN_OBJC_IMPLICIT_RETAIN_SELF = YES;
				CLANG_WARN_OBJC_LITERAL_CONVERSION = YES;
				CLANG_WARN_OBJC_ROOT_CLASS = YES_ERROR;
				CLANG_WARN_QUOTED_INCLUDE_IN_FRAMEWORK_HEADER = YES;
				CLANG_WARN_RANGE_LOOP_ANALYSIS = YES;
				CLANG_WARN_STRICT_PROTOTYPES = YES;
				CLANG_WARN_SUSPICIOUS_MOVE = YES;
				CLANG_WARN_UNGUARDED_AVAILABILITY = YES_AGGRESSIVE;
				CLANG_WARN_UNREACHABLE_CODE = YES;
				CLANG_WARN__DUPLICATE_METHOD_MATCH = YES;
				COPY_PHASE_STRIP = NO;
				DEBUG_INFORMATION_FORMAT = dwarf;
				ENABLE_STRICT_OBJC_MSGSEND = YES;
				ENABLE_TESTABILITY = YES;
				ENABLE_USER_SCRIPT_SANDBOXING = YES;
				GCC_C_LANGUAGE_STANDARD = gnu17;
				GCC_DYNAMIC_NO_PIC = NO;
				GCC_NO_COMMON_BLOCKS = YES;
				GCC_OPTIMIZATION_LEVEL = 0;
				GCC_PREPROCESSOR_DEFINITIONS = (
					"DEBUG=1",
					"$(inherited)",
				);
				GCC_WARN_64_TO_32_BIT_CONVERSION = YES;
				GCC_WARN_ABOUT_RETURN_TYPE = YES_ERROR;
				GCC_WARN_UNDECLARED_SELECTOR = YES;
				GCC_WARN_UNINITIALIZED_AUTOS = YES_AGGRESSIVE;
				GCC_WARN_UNUSED_FUNCTION = YES;
				GCC_WARN_UNUSED_VARIABLE = YES;
				IPHONEOS_DEPLOYMENT_TARGET = 17.5;
				LOCALIZATION_PREFERS_STRING_CATALOGS = YES;
				MTL_ENABLE_DEBUG_INFO = INCLUDE_SOURCE;
				MTL_FAST_MATH = YES;
				ONLY_ACTIVE_ARCH = YES;
				SDKROOT = iphoneos;
				SWIFT_ACTIVE_COMPILATION_CONDITIONS = "DEBUG $(inherited)";
				SWIFT_OPTIMIZATION_LEVEL = "-Onone";
			};
			name = Debug;
		};
		EE232E652D312FF6007C72CA /* Release */ = {
			isa = XCBuildConfiguration;
			buildSettings = {
				ALWAYS_SEARCH_USER_PATHS = NO;
				ASSETCATALOG_COMPILER_GENERATE_SWIFT_ASSET_SYMBOL_EXTENSIONS = YES;
				CLANG_ANALYZER_NONNULL = YES;
				CLANG_ANALYZER_NUMBER_OBJECT_CONVERSION = YES_AGGRESSIVE;
				CLANG_CXX_LANGUAGE_STANDARD = "gnu++20";
				CLANG_ENABLE_MODULES = YES;
				CLANG_ENABLE_OBJC_ARC = YES;
				CLANG_ENABLE_OBJC_WEAK = YES;
				CLANG_WARN_BLOCK_CAPTURE_AUTORELEASING = YES;
				CLANG_WARN_BOOL_CONVERSION = YES;
				CLANG_WARN_COMMA = YES;
				CLANG_WARN_CONSTANT_CONVERSION = YES;
				CLANG_WARN_DEPRECATED_OBJC_IMPLEMENTATIONS = YES;
				CLANG_WARN_DIRECT_OBJC_ISA_USAGE = YES_ERROR;
				CLANG_WARN_DOCUMENTATION_COMMENTS = YES;
				CLANG_WARN_EMPTY_BODY = YES;
				CLANG_WARN_ENUM_CONVERSION = YES;
				CLANG_WARN_INFINITE_RECURSION = YES;
				CLANG_WARN_INT_CONVERSION = YES;
				CLANG_WARN_NON_LITERAL_NULL_CONVERSION = YES;
				CLANG_WARN_OBJC_IMPLICIT_RETAIN_SELF = YES;
				CLANG_WARN_OBJC_LITERAL_CONVERSION = YES;
				CLANG_WARN_OBJC_ROOT_CLASS = YES_ERROR;
				CLANG_WARN_QUOTED_INCLUDE_IN_FRAMEWORK_HEADER = YES;
				CLANG_WARN_RANGE_LOOP_ANALYSIS = YES;
				CLANG_WARN_STRICT_PROTOTYPES = YES;
				CLANG_WARN_SUSPICIOUS_MOVE = YES;
				CLANG_WARN_UNGUARDED_AVAILABILITY = YES_AGGRESSIVE;
				CLANG_WARN_UNREACHABLE_CODE = YES;
				CLANG_WARN__DUPLICATE_METHOD_MATCH = YES;
				COPY_PHASE_STRIP = NO;
				DEBUG_INFORMATION_FORMAT = "dwarf-with-dsym";
				ENABLE_NS_ASSERTIONS = NO;
				ENABLE_STRICT_OBJC_MSGSEND = YES;
				ENABLE_USER_SCRIPT_SANDBOXING = YES;
				GCC_C_LANGUAGE_STANDARD = gnu17;
				GCC_NO_COMMON_BLOCKS = YES;
				GCC_WARN_64_TO_32_BIT_CONVERSION = YES;
				GCC_WARN_ABOUT_RETURN_TYPE = YES_ERROR;
				GCC_WARN_UNDECLARED_SELECTOR = YES;
				GCC_WARN_UNINITIALIZED_AUTOS = YES_AGGRESSIVE;
				GCC_WARN_UNUSED_FUNCTION = YES;
				GCC_WARN_UNUSED_VARIABLE = YES;
				IPHONEOS_DEPLOYMENT_TARGET = 17.5;
				LOCALIZATION_PREFERS_STRING_CATALOGS = YES;
				MTL_ENABLE_DEBUG_INFO = NO;
				MTL_FAST_MATH = YES;
				SDKROOT = iphoneos;
				SWIFT_COMPILATION_MODE = wholemodule;
				VALIDATE_PRODUCT = YES;
			};
			name = Release;
		};
		EE232E672D312FF6007C72CA /* Debug */ = {
			isa = XCBuildConfiguration;
			buildSettings = {
				ASSETCATALOG_COMPILER_APPICON_NAME = AppIcon;
				ASSETCATALOG_COMPILER_GLOBAL_ACCENT_COLOR_NAME = AccentColor;
				CODE_SIGN_STYLE = Automatic;
				CURRENT_PROJECT_VERSION = 1;
				DEVELOPMENT_ASSET_PATHS = "\"RickAndMorty/Preview Content\"";
				DEVELOPMENT_TEAM = B8G8UK2S7T;
				ENABLE_PREVIEWS = YES;
				GENERATE_INFOPLIST_FILE = YES;
				INFOPLIST_KEY_UIApplicationSceneManifest_Generation = YES;
				INFOPLIST_KEY_UIApplicationSupportsIndirectInputEvents = YES;
				INFOPLIST_KEY_UILaunchScreen_Generation = YES;
				INFOPLIST_KEY_UISupportedInterfaceOrientations_iPad = "UIInterfaceOrientationPortrait UIInterfaceOrientationPortraitUpsideDown UIInterfaceOrientationLandscapeLeft UIInterfaceOrientationLandscapeRight";
				INFOPLIST_KEY_UISupportedInterfaceOrientations_iPhone = "UIInterfaceOrientationPortrait UIInterfaceOrientationLandscapeLeft UIInterfaceOrientationLandscapeRight";
				LD_RUNPATH_SEARCH_PATHS = (
					"$(inherited)",
					"@executable_path/Frameworks",
				);
				MARKETING_VERSION = 1.0;
				PRODUCT_BUNDLE_IDENTIFIER = ru.MurtMagomedov.RickAndMorty;
				PRODUCT_NAME = "$(TARGET_NAME)";
				SWIFT_EMIT_LOC_STRINGS = YES;
				SWIFT_VERSION = 5.0;
				TARGETED_DEVICE_FAMILY = "1,2";
			};
			name = Debug;
		};
		EE232E682D312FF6007C72CA /* Release */ = {
			isa = XCBuildConfiguration;
			buildSettings = {
				ASSETCATALOG_COMPILER_APPICON_NAME = AppIcon;
				ASSETCATALOG_COMPILER_GLOBAL_ACCENT_COLOR_NAME = AccentColor;
				CODE_SIGN_STYLE = Automatic;
				CURRENT_PROJECT_VERSION = 1;
				DEVELOPMENT_ASSET_PATHS = "\"RickAndMorty/Preview Content\"";
				DEVELOPMENT_TEAM = B8G8UK2S7T;
				ENABLE_PREVIEWS = YES;
				GENERATE_INFOPLIST_FILE = YES;
				INFOPLIST_KEY_UIApplicationSceneManifest_Generation = YES;
				INFOPLIST_KEY_UIApplicationSupportsIndirectInputEvents = YES;
				INFOPLIST_KEY_UILaunchScreen_Generation = YES;
				INFOPLIST_KEY_UISupportedInterfaceOrientations_iPad = "UIInterfaceOrientationPortrait UIInterfaceOrientationPortraitUpsideDown UIInterfaceOrientationLandscapeLeft UIInterfaceOrientationLandscapeRight";
				INFOPLIST_KEY_UISupportedInterfaceOrientations_iPhone = "UIInterfaceOrientationPortrait UIInterfaceOrientationLandscapeLeft UIInterfaceOrientationLandscapeRight";
				LD_RUNPATH_SEARCH_PATHS = (
					"$(inherited)",
					"@executable_path/Frameworks",
				);
				MARKETING_VERSION = 1.0;
				PRODUCT_BUNDLE_IDENTIFIER = ru.MurtMagomedov.RickAndMorty;
				PRODUCT_NAME = "$(TARGET_NAME)";
				SWIFT_EMIT_LOC_STRINGS = YES;
				SWIFT_VERSION = 5.0;
				TARGETED_DEVICE_FAMILY = "1,2";
			};
			name = Release;
		};
/* End XCBuildConfiguration section */

/* Begin XCConfigurationList section */
		EE232E532D312FF4007C72CA /* Build configuration list for PBXProject "RickAndMorty" */ = {
			isa = XCConfigurationList;
			buildConfigurations = (
				EE232E642D312FF6007C72CA /* Debug */,
				EE232E652D312FF6007C72CA /* Release */,
			);
			defaultConfigurationIsVisible = 0;
			defaultConfigurationName = Release;
		};
		EE232E662D312FF6007C72CA /* Build configuration list for PBXNativeTarget "RickAndMorty" */ = {
			isa = XCConfigurationList;
			buildConfigurations = (
				EE232E672D312FF6007C72CA /* Debug */,
				EE232E682D312FF6007C72CA /* Release */,
			);
			defaultConfigurationIsVisible = 0;
			defaultConfigurationName = Release;
		};
/* End XCConfigurationList section */
	};
	rootObject = EE232E502D312FF4007C72CA /* Project object */;
}
